// !$*UTF8*$!
{
	archiveVersion = 1;
	classes = {
	};
	objectVersion = 46;
	objects = {

/* Begin PBXBuildFile section */
		CCC3F0151CD0B00E00FAD9EC /* main.m in Sources */ = {isa = PBXBuildFile; fileRef = CCC3F0141CD0B00E00FAD9EC /* main.m */; };
		CCC3F0261CD0BF8B00FAD9EC /* NSArray+RandomSort.m in Sources */ = {isa = PBXBuildFile; fileRef = CCC3F0231CD0BF8B00FAD9EC /* NSArray+RandomSort.m */; };
		CCC3F0271CD0BF8B00FAD9EC /* NSMutableArray+RandomSort.m in Sources */ = {isa = PBXBuildFile; fileRef = CCC3F0251CD0BF8B00FAD9EC /* NSMutableArray+RandomSort.m */; };
/* End PBXBuildFile section */

/* Begin PBXCopyFilesBuildPhase section */
		CCC3F00F1CD0B00E00FAD9EC /* CopyFiles */ = {
			isa = PBXCopyFilesBuildPhase;
			buildActionMask = 2147483647;
			dstPath = /usr/share/man/man1/;
			dstSubfolderSpec = 0;
			files = (
			);
			runOnlyForDeploymentPostprocessing = 1;
		};
/* End PBXCopyFilesBuildPhase section */

/* Begin PBXFileReference section */
		CCC3F0111CD0B00E00FAD9EC /* RandomArray_OC */ = {isa = PBXFileReference; explicitFileType = "compiled.mach-o.executable"; includeInIndex = 0; path = RandomArray_OC; sourceTree = BUILT_PRODUCTS_DIR; };
		CCC3F0141CD0B00E00FAD9EC /* main.m */ = {isa = PBXFileReference; lastKnownFileType = sourcecode.c.objc; path = main.m; sourceTree = "<group>"; };
		CCC3F0221CD0BF8B00FAD9EC /* NSArray+RandomSort.h */ = {isa = PBXFileReference; fileEncoding = 4; lastKnownFileType = sourcecode.c.h; path = "NSArray+RandomSort.h"; sourceTree = "<group>"; };
		CCC3F0231CD0BF8B00FAD9EC /* NSArray+RandomSort.m */ = {isa = PBXFileReference; fileEncoding = 4; lastKnownFileType = sourcecode.c.objc; path = "NSArray+RandomSort.m"; sourceTree = "<group>"; };
		CCC3F0241CD0BF8B00FAD9EC /* NSMutableArray+RandomSort.h */ = {isa = PBXFileReference; fileEncoding = 4; lastKnownFileType = sourcecode.c.h; path = "NSMutableArray+RandomSort.h"; sourceTree = "<group>"; };
		CCC3F0251CD0BF8B00FAD9EC /* NSMutableArray+RandomSort.m */ = {isa = PBXFileReference; fileEncoding = 4; lastKnownFileType = sourcecode.c.objc; path = "NSMutableArray+RandomSort.m"; sourceTree = "<group>"; };
/* End PBXFileReference section */

/* Begin PBXFrameworksBuildPhase section */
		CCC3F00E1CD0B00E00FAD9EC /* Frameworks */ = {
			isa = PBXFrameworksBuildPhase;
			buildActionMask = 2147483647;
			files = (
			);
			runOnlyForDeploymentPostprocessing = 0;
		};
/* End PBXFrameworksBuildPhase section */

/* Begin PBXGroup section */
		CCC3F0081CD0B00E00FAD9EC = {
			isa = PBXGroup;
			children = (
				CCC3F0131CD0B00E00FAD9EC /* RandomArray_OC */,
				CCC3F0121CD0B00E00FAD9EC /* Products */,
			);
			sourceTree = "<group>";
		};
		CCC3F0121CD0B00E00FAD9EC /* Products */ = {
			isa = PBXGroup;
			children = (
				CCC3F0111CD0B00E00FAD9EC /* RandomArray_OC */,
			);
			name = Products;
			sourceTree = "<group>";
		};
		CCC3F0131CD0B00E00FAD9EC /* RandomArray_OC */ = {
			isa = PBXGroup;
			children = (
				CCC3F0141CD0B00E00FAD9EC /* main.m */,
				CCC3F0211CD0BF8B00FAD9EC /* RandomArray */,
			);
			path = RandomArray_OC;
			sourceTree = "<group>";
		};
		CCC3F0211CD0BF8B00FAD9EC /* RandomArray */ = {
			isa = PBXGroup;
			children = (
				CCC3F0221CD0BF8B00FAD9EC /* NSArray+RandomSort.h */,
				CCC3F0231CD0BF8B00FAD9EC /* NSArray+RandomSort.m */,
				CCC3F0241CD0BF8B00FAD9EC /* NSMutableArray+RandomSort.h */,
				CCC3F0251CD0BF8B00FAD9EC /* NSMutableArray+RandomSort.m */,
			);
			path = RandomArray;
			sourceTree = "<group>";
		};
/* End PBXGroup section */

/* Begin PBXNativeTarget section */
		CCC3F0101CD0B00E00FAD9EC /* RandomArray_OC */ = {
			isa = PBXNativeTarget;
			buildConfigurationList = CCC3F0181CD0B00E00FAD9EC /* Build configuration list for PBXNativeTarget "RandomArray_OC" */;
			buildPhases = (
				CCC3F00D1CD0B00E00FAD9EC /* Sources */,
				CCC3F00E1CD0B00E00FAD9EC /* Frameworks */,
				CCC3F00F1CD0B00E00FAD9EC /* CopyFiles */,
			);
			buildRules = (
			);
			dependencies = (
			);
			name = RandomArray_OC;
			productName = RandomArray_OC;
			productReference = CCC3F0111CD0B00E00FAD9EC /* RandomArray_OC */;
			productType = "com.apple.product-type.tool";
		};
/* End PBXNativeTarget section */

/* Begin PBXProject section */
		CCC3F0091CD0B00E00FAD9EC /* Project object */ = {
			isa = PBXProject;
			attributes = {
				LastUpgradeCheck = 0730;
				ORGANIZATIONNAME = "仇弘扬";
				TargetAttributes = {
					CCC3F0101CD0B00E00FAD9EC = {
						CreatedOnToolsVersion = 7.3;
					};
				};
			};
			buildConfigurationList = CCC3F00C1CD0B00E00FAD9EC /* Build configuration list for PBXProject "RandomArray_OC" */;
			compatibilityVersion = "Xcode 3.2";
			developmentRegion = English;
			hasScannedForEncodings = 0;
			knownRegions = (
				en,
			);
			mainGroup = CCC3F0081CD0B00E00FAD9EC;
			productRefGroup = CCC3F0121CD0B00E00FAD9EC /* Products */;
			projectDirPath = "";
			projectRoot = "";
			targets = (
				CCC3F0101CD0B00E00FAD9EC /* RandomArray_OC */,
			);
		};
/* End PBXProject section */

/* Begin PBXSourcesBuildPhase section */
		CCC3F00D1CD0B00E00FAD9EC /* Sources */ = {
			isa = PBXSourcesBuildPhase;
			buildActionMask = 2147483647;
			files = (
				CCC3F0271CD0BF8B00FAD9EC /* NSMutableArray+RandomSort.m in Sources */,
				CCC3F0151CD0B00E00FAD9EC /* main.m in Sources */,
				CCC3F0261CD0BF8B00FAD9EC /* NSArray+RandomSort.m in Sources */,
			);
			runOnlyForDeploymentPostprocessing = 0;
		};
/* End PBXSourcesBuildPhase section */

/* Begin XCBuildConfiguration section */
		CCC3F0161CD0B00E00FAD9EC /* Debug */ = {
			isa = XCBuildConfiguration;
			buildSettings = {
				ALWAYS_SEARCH_USER_PATHS = NO;
				CLANG_ANALYZER_NONNULL = YES;
				CLANG_CXX_LANGUAGE_STANDARD = "gnu++0x";
				CLANG_CXX_LIBRARY = "libc++";
				CLANG_ENABLE_MODULES = YES;
				CLANG_ENABLE_OBJC_ARC = YES;
				CLANG_WARN_BOOL_CONVERSION = YES;
				CLANG_WARN_CONSTANT_CONVERSION = YES;
				CLANG_WARN_DIRECT_OBJC_ISA_USAGE = YES_ERROR;
				CLANG_WARN_EMPTY_BODY = YES;
				CLANG_WARN_ENUM_CONVERSION = YES;
				CLANG_WARN_INT_CONVERSION = YES;
				CLANG_WARN_OBJC_ROOT_CLASS = YES_ERROR;
				CLANG_WARN_UNREACHABLE_CODE = YES;
				CLANG_WARN__DUPLICATE_METHOD_MATCH = YES;
				CODE_SIGN_IDENTITY = "-";
				COPY_PHASE_STRIP = NO;
				DEBUG_INFORMATION_FORMAT = dwarf;
				ENABLE_STRICT_OBJC_MSGSEND = YES;
				ENABLE_TESTABILITY = YES;
				GCC_C_LANGUAGE_STANDARD = gnu99;
				GCC_DYNAMIC_NO_PIC = NO;
				GCC_NO_COMMON_BLOCKS = YES;
				GCC_OPTIMIZATION_LEVEL = 0;
				GCC_PREPROCESSOR_DEFINITIONS = (
					"DEBUG=1",
					"$(inherited)",
				);
				GCC_WARN_64_TO_32_BIT_CONVERSION = YES;
				GCC_WARN_ABOUT_RETURN_TYPE = YES_ERROR;
				GCC_WARN_UNDECLARED_SELECTOR = YES;
				GCC_WARN_UNINITIALIZED_AUTOS = YES_AGGRESSIVE;
				GCC_WARN_UNUSED_FUNCTION = YES;
				GCC_WARN_UNUSED_VARIABLE = YES;
				MACOSX_DEPLOYMENT_TARGET = 10.11;
				MTL_ENABLE_DEBUG_INFO = YES;
				ONLY_ACTIVE_ARCH = YES;
				SDKROOT = macosx;
			};
			name = Debug;
		};
		CCC3F0171CD0B00E00FAD9EC /* Release */ = {
			isa = XCBuildConfiguration;
			buildSettings = {
				ALWAYS_SEARCH_USER_PATHS = NO;
				CLANG_ANALYZER_NONNULL = YES;
				CLANG_CXX_LANGUAGE_STANDARD = "gnu++0x";
				CLANG_CXX_LIBRARY = "libc++";
				CLANG_ENABLE_MODULES = YES;
				CLANG_ENABLE_OBJC_ARC = YES;
				CLANG_WARN_BOOL_CONVERSION = YES;
				CLANG_WARN_CONSTANT_CONVERSION = YES;
				CLANG_WARN_DIRECT_OBJC_ISA_USAGE = YES_ERROR;
				CLANG_WARN_EMPTY_BODY = YES;
				CLANG_WARN_ENUM_CONVERSION = YES;
				CLANG_WARN_INT_CONVERSION = YES;
				CLANG_WARN_OBJC_ROOT_CLASS = YES_ERROR;
				CLANG_WARN_UNREACHABLE_CODE = YES;
				CLANG_WARN__DUPLICATE_METHOD_MATCH = YES;
				CODE_SIGN_IDENTITY = "-";
				COPY_PHASE_STRIP = NO;
				DEBUG_INFORMATION_FORMAT = "dwarf-with-dsym";
				ENABLE_NS_ASSERTIONS = NO;
				ENABLE_STRICT_OBJC_MSGSEND = YES;
				GCC_C_LANGUAGE_STANDARD = gnu99;
				GCC_NO_COMMON_BLOCKS = YES;
				GCC_WARN_64_TO_32_BIT_CONVERSION = YES;
				GCC_WARN_ABOUT_RETURN_TYPE = YES_ERROR;
				GCC_WARN_UNDECLARED_SELECTOR = YES;
				GCC_WARN_UNINITIALIZED_AUTOS = YES_AGGRESSIVE;
				GCC_WARN_UNUSED_FUNCTION = YES;
				GCC_WARN_UNUSED_VARIABLE = YES;
				MACOSX_DEPLOYMENT_TARGET = 10.11;
				MTL_ENABLE_DEBUG_INFO = NO;
				SDKROOT = macosx;
			};
			name = Release;
		};
		CCC3F0191CD0B00E00FAD9EC /* Debug */ = {
			isa = XCBuildConfiguration;
			buildSettings = {
				PRODUCT_NAME = "$(TARGET_NAME)";
			};
			name = Debug;
		};
		CCC3F01A1CD0B00E00FAD9EC /* Release */ = {
			isa = XCBuildConfiguration;
			buildSettings = {
				PRODUCT_NAME = "$(TARGET_NAME)";
			};
			name = Release;
		};
/* End XCBuildConfiguration section */

/* Begin XCConfigurationList section */
		CCC3F00C1CD0B00E00FAD9EC /* Build configuration list for PBXProject "RandomArray_OC" */ = {
			isa = XCConfigurationList;
			buildConfigurations = (
				CCC3F0161CD0B00E00FAD9EC /* Debug */,
				CCC3F0171CD0B00E00FAD9EC /* Release */,
			);
			defaultConfigurationIsVisible = 0;
			defaultConfigurationName = Release;
		};
		CCC3F0181CD0B00E00FAD9EC /* Build configuration list for PBXNativeTarget "RandomArray_OC" */ = {
			isa = XCConfigurationList;
			buildConfigurations = (
				CCC3F0191CD0B00E00FAD9EC /* Debug */,
				CCC3F01A1CD0B00E00FAD9EC /* Release */,
			);
			defaultConfigurationIsVisible = 0;
		};
/* End XCConfigurationList section */
	};
	rootObject = CCC3F0091CD0B00E00FAD9EC /* Project object */;
}
